
Microsoft Visual Studio Solution File, Format Version 12.00
# Visual Studio Version 16
VisualStudioVersion = 16.0.29009.5
MinimumVisualStudioVersion = 10.0.40219.1
Project("{8BC9CEB8-8B4A-11D0-8D11-00A0C91BC942}") = "CppProcessData", "CppProcessData\CppProcessData.vcxproj", "{E4D07E7B-30DC-4B7B-AD0F-B5330F37DAAD}"
EndProject
Project("{888888A0-9F3D-457C-B088-3A5042F75D52}") = "PyGetXML", "PyGetXML\PyGetXML.pyproj", "{69DB85C2-3216-495A-85EA-097DABF98BAD}"
EndProject
Global
	GlobalSection(SolutionConfigurationPlatforms) = preSolution
		Debug|Any CPU = Debug|Any CPU
		Debug|x64 = Debug|x64
		Debug|x86 = Debug|x86
		Release|Any CPU = Release|Any CPU
		Release|x64 = Release|x64
		Release|x86 = Release|x86
	EndGlobalSection
	GlobalSection(ProjectConfigurationPlatforms) = postSolution
		{E4D07E7B-30DC-4B7B-AD0F-B5330F37DAAD}.Debug|Any CPU.ActiveCfg = Debug|Win32
		{E4D07E7B-30DC-4B7B-AD0F-B5330F37DAAD}.Debug|x64.ActiveCfg = Debug|x64
		{E4D07E7B-30DC-4B7B-AD0F-B5330F37DAAD}.Debug|x64.Build.0 = Debug|x64
		{E4D07E7B-30DC-4B7B-AD0F-B5330F37DAAD}.Debug|x86.ActiveCfg = Debug|Win32
		{E4D07E7B-30DC-4B7B-AD0F-B5330F37DAAD}.Debug|x86.Build.0 = Debug|Win32
		{E4D07E7B-30DC-4B7B-AD0F-B5330F37DAAD}.Release|Any CPU.ActiveCfg = Release|Win32
		{E4D07E7B-30DC-4B7B-AD0F-B5330F37DAAD}.Release|x64.ActiveCfg = Release|x64
		{E4D07E7B-30DC-4B7B-AD0F-B5330F37DAAD}.Release|x64.Build.0 = Release|x64
		{E4D07E7B-30DC-4B7B-AD0F-B5330F37DAAD}.Release|x86.ActiveCfg = Release|Win32
		{E4D07E7B-30DC-4B7B-AD0F-B5330F37DAAD}.Release|x86.Build.0 = Release|Win32
		{69DB85C2-3216-495A-85EA-097DABF98BAD}.Debug|Any CPU.ActiveCfg = Debug|Any CPU
		{69DB85C2-3216-495A-85EA-097DABF98BAD}.Debug|x64.ActiveCfg = Debug|Any CPU
		{69DB85C2-3216-495A-85EA-097DABF98BAD}.Debug|x86.ActiveCfg = Debug|Any CPU
		{69DB85C2-3216-495A-85EA-097DABF98BAD}.Release|Any CPU.ActiveCfg = Release|Any CPU
		{69DB85C2-3216-495A-85EA-097DABF98BAD}.Release|x64.ActiveCfg = Release|Any CPU
		{69DB85C2-3216-495A-85EA-097DABF98BAD}.Release|x86.ActiveCfg = Release|Any CPU
	EndGlobalSection
	GlobalSection(SolutionProperties) = preSolution
		HideSolutionNode = FALSE
	EndGlobalSection
	GlobalSection(ExtensibilityGlobals) = postSolution
		SolutionGuid = {C905BF08-7A82-4448-BD1B-5F51AEC004EA}
	EndGlobalSection
EndGlobal
